
Microsoft Visual Studio Solution File, Format Version 12.00
# Visual Studio Version 16
VisualStudioVersion = 16.0.31515.178
MinimumVisualStudioVersion = 10.0.40219.1
Project("{FAE04EC0-301F-11D3-BF4B-00C04F79EFBC}") = "CF_module_10_5", "CF_module_10_5\CF_module_10_5.csproj", "{B551206B-429C-4668-8F6F-5E123B5D0F63}"
EndProject
Global
	GlobalSection(SolutionConfigurationPlatforms) = preSolution
		Debug|Any CPU = Debug|Any CPU
		Release|Any CPU = Release|Any CPU
	EndGlobalSection
	GlobalSection(ProjectConfigurationPlatforms) = postSolution
		{B551206B-429C-4668-8F6F-5E123B5D0F63}.Debug|Any CPU.ActiveCfg = Debug|Any CPU
		{B551206B-429C-4668-8F6F-5E123B5D0F63}.Debug|Any CPU.Build.0 = Debug|Any CPU
		{B551206B-429C-4668-8F6F-5E123B5D0F63}.Release|Any CPU.ActiveCfg = Release|Any CPU
		{B551206B-429C-4668-8F6F-5E123B5D0F63}.Release|Any CPU.Build.0 = Release|Any CPU
	EndGlobalSection
	GlobalSection(SolutionProperties) = preSolution
		HideSolutionNode = FALSE
	EndGlobalSection
	GlobalSection(ExtensibilityGlobals) = postSolution
		SolutionGuid = {E05BE68F-DF68-45C0-B056-C79A1D57143A}
	EndGlobalSection
EndGlobal
